// !$*UTF8*$!
{
	archiveVersion = 1;
	classes = {
	};
	objectVersion = 52;
	objects = {

/* Begin PBXBuildFile section */
		5E354DCA4F3818F3DA7796E6 /* libPods-CryptocurrencyTracking.a in Frameworks */ = {isa = PBXBuildFile; fileRef = 807DFF06BF53030B30B74DF8 /* libPods-CryptocurrencyTracking.a */; };
		EC4E7AD626B5B2020070DEC4 /* DetailsUseCase.swift in Sources */ = {isa = PBXBuildFile; fileRef = EC4E7AD526B5B2020070DEC4 /* DetailsUseCase.swift */; };
		EC4E7AD826B5B2100070DEC4 /* DetailsViewModel.swift in Sources */ = {isa = PBXBuildFile; fileRef = EC4E7AD726B5B2100070DEC4 /* DetailsViewModel.swift */; };
		EC4E7ADA26B5B21A0070DEC4 /* DetailsNavigator.swift in Sources */ = {isa = PBXBuildFile; fileRef = EC4E7AD926B5B21A0070DEC4 /* DetailsNavigator.swift */; };
		ECB8C91426B55174004F7C89 /* AppDelegate.swift in Sources */ = {isa = PBXBuildFile; fileRef = ECB8C91326B55174004F7C89 /* AppDelegate.swift */; };
		ECB8C91626B55174004F7C89 /* SceneDelegate.swift in Sources */ = {isa = PBXBuildFile; fileRef = ECB8C91526B55174004F7C89 /* SceneDelegate.swift */; };
		ECB8C91E26B55174004F7C89 /* CryptocurrencyTracking.xcdatamodeld in Sources */ = {isa = PBXBuildFile; fileRef = ECB8C91C26B55174004F7C89 /* CryptocurrencyTracking.xcdatamodeld */; };
		ECB8C92026B55176004F7C89 /* Assets.xcassets in Resources */ = {isa = PBXBuildFile; fileRef = ECB8C91F26B55176004F7C89 /* Assets.xcassets */; };
		ECB8C92326B55176004F7C89 /* LaunchScreen.storyboard in Resources */ = {isa = PBXBuildFile; fileRef = ECB8C92126B55176004F7C89 /* LaunchScreen.storyboard */; };
		ECB8C93526B55770004F7C89 /* TabBarViewController.swift in Sources */ = {isa = PBXBuildFile; fileRef = ECB8C93326B55770004F7C89 /* TabBarViewController.swift */; };
		ECB8C93826B57772004F7C89 /* TabBarItems.swift in Sources */ = {isa = PBXBuildFile; fileRef = ECB8C93726B57772004F7C89 /* TabBarItems.swift */; };
		ECB8C93E26B577C5004F7C89 /* HomeViewController.swift in Sources */ = {isa = PBXBuildFile; fileRef = ECB8C93C26B577C5004F7C89 /* HomeViewController.swift */; };
		ECB8C93F26B577C5004F7C89 /* HomeViewController.xib in Resources */ = {isa = PBXBuildFile; fileRef = ECB8C93D26B577C5004F7C89 /* HomeViewController.xib */; };
		ECB8C94926B578EB004F7C89 /* swiftgen.yml in Resources */ = {isa = PBXBuildFile; fileRef = ECB8C94826B578EB004F7C89 /* swiftgen.yml */; };
		ECB8C95226B57A83004F7C89 /* Localizable.strings in Resources */ = {isa = PBXBuildFile; fileRef = ECB8C95426B57A83004F7C89 /* Localizable.strings */; };
		ECB8C95A26B57C3E004F7C89 /* Assets.swift in Sources */ = {isa = PBXBuildFile; fileRef = ECB8C95726B57C3E004F7C89 /* Assets.swift */; };
		ECB8C95B26B57C3E004F7C89 /* Fonts.swift in Sources */ = {isa = PBXBuildFile; fileRef = ECB8C95826B57C3E004F7C89 /* Fonts.swift */; };
		ECB8C95C26B57C3E004F7C89 /* Localizable.swift in Sources */ = {isa = PBXBuildFile; fileRef = ECB8C95926B57C3E004F7C89 /* Localizable.swift */; };
		ECB8C95F26B57D0B004F7C89 /* FollowsViewController.swift in Sources */ = {isa = PBXBuildFile; fileRef = ECB8C95D26B57D0B004F7C89 /* FollowsViewController.swift */; };
		ECB8C96026B57D0B004F7C89 /* FollowsViewController.xib in Resources */ = {isa = PBXBuildFile; fileRef = ECB8C95E26B57D0B004F7C89 /* FollowsViewController.xib */; };
		ECB8C96726B583B4004F7C89 /* CoinsResponses.swift in Sources */ = {isa = PBXBuildFile; fileRef = ECB8C96626B583B4004F7C89 /* CoinsResponses.swift */; };
		ECB8C96926B583C1004F7C89 /* CoinModel.swift in Sources */ = {isa = PBXBuildFile; fileRef = ECB8C96826B583C1004F7C89 /* CoinModel.swift */; };
		ECB8C96B26B583E1004F7C89 /* CoinDetails.swift in Sources */ = {isa = PBXBuildFile; fileRef = ECB8C96A26B583E1004F7C89 /* CoinDetails.swift */; };
		ECB8C96E26B583FD004F7C89 /* CoinDetailsViewController.swift in Sources */ = {isa = PBXBuildFile; fileRef = ECB8C96C26B583FD004F7C89 /* CoinDetailsViewController.swift */; };
		ECB8C96F26B583FD004F7C89 /* CoinDetailsViewController.xib in Resources */ = {isa = PBXBuildFile; fileRef = ECB8C96D26B583FD004F7C89 /* CoinDetailsViewController.xib */; };
		ECB8C97226B5846D004F7C89 /* ObjectMapper in Frameworks */ = {isa = PBXBuildFile; productRef = ECB8C97126B5846D004F7C89 /* ObjectMapper */; };
		ECB8C97526B584B1004F7C89 /* Then in Frameworks */ = {isa = PBXBuildFile; productRef = ECB8C97426B584B1004F7C89 /* Then */; };
		ECB8C97726B5857E004F7C89 /* DataModel.swift in Sources */ = {isa = PBXBuildFile; fileRef = ECB8C97626B5857E004F7C89 /* DataModel.swift */; };
		ECB8C97A26B5899B004F7C89 /* Alamofire in Frameworks */ = {isa = PBXBuildFile; productRef = ECB8C97926B5899B004F7C89 /* Alamofire */; };
		ECB8C97D26B589B5004F7C89 /* APIServies.swift in Sources */ = {isa = PBXBuildFile; fileRef = ECB8C97C26B589B5004F7C89 /* APIServies.swift */; };
		ECB8C98026B58CEC004F7C89 /* RxSwift in Frameworks */ = {isa = PBXBuildFile; productRef = ECB8C97F26B58CEC004F7C89 /* RxSwift */; };
		ECB8C98226B58CEC004F7C89 /* RxRelay in Frameworks */ = {isa = PBXBuildFile; productRef = ECB8C98126B58CEC004F7C89 /* RxRelay */; };
		ECB8C98426B58CEC004F7C89 /* RxCocoa in Frameworks */ = {isa = PBXBuildFile; productRef = ECB8C98326B58CEC004F7C89 /* RxCocoa */; };
		ECB8C98626B58CEC004F7C89 /* RxBlocking in Frameworks */ = {isa = PBXBuildFile; productRef = ECB8C98526B58CEC004F7C89 /* RxBlocking */; };
		ECB8C98926B58D1D004F7C89 /* BaseErrors.swift in Sources */ = {isa = PBXBuildFile; fileRef = ECB8C98826B58D1D004F7C89 /* BaseErrors.swift */; };
		ECB8C98D26B58E37004F7C89 /* CoinsURLs.swift in Sources */ = {isa = PBXBuildFile; fileRef = ECB8C98C26B58E37004F7C89 /* CoinsURLs.swift */; };
		ECB8C98F26B58F4A004F7C89 /* APIServies+getAllCoin.swift in Sources */ = {isa = PBXBuildFile; fileRef = ECB8C98E26B58F4A004F7C89 /* APIServies+getAllCoin.swift */; };
		ECB8C99126B58F5A004F7C89 /* APIServies+getCoinDetails.swift in Sources */ = {isa = PBXBuildFile; fileRef = ECB8C99026B58F5A004F7C89 /* APIServies+getCoinDetails.swift */; };
		ECB8C99326B58F9F004F7C89 /* ObservableType+.swift in Sources */ = {isa = PBXBuildFile; fileRef = ECB8C99226B58F9F004F7C89 /* ObservableType+.swift */; };
		ECB8C99526B59014004F7C89 /* SharedSequenceConvertibleType.swift in Sources */ = {isa = PBXBuildFile; fileRef = ECB8C99426B59014004F7C89 /* SharedSequenceConvertibleType.swift */; };
		ECB8C99726B5A349004F7C89 /* HomeNavigatior.swift in Sources */ = {isa = PBXBuildFile; fileRef = ECB8C99626B5A349004F7C89 /* HomeNavigatior.swift */; };
		ECB8C99926B5A353004F7C89 /* HomeViewModel.swift in Sources */ = {isa = PBXBuildFile; fileRef = ECB8C99826B5A353004F7C89 /* HomeViewModel.swift */; };
		ECB8C99B26B5A361004F7C89 /* HomeUseCase.swift in Sources */ = {isa = PBXBuildFile; fileRef = ECB8C99A26B5A361004F7C89 /* HomeUseCase.swift */; };
		ECB8C99D26B5A382004F7C89 /* FollowsNavigator.swift in Sources */ = {isa = PBXBuildFile; fileRef = ECB8C99C26B5A382004F7C89 /* FollowsNavigator.swift */; };
		ECB8C99F26B5A391004F7C89 /* FollowsViewModel.swift in Sources */ = {isa = PBXBuildFile; fileRef = ECB8C99E26B5A391004F7C89 /* FollowsViewModel.swift */; };
		ECB8C9A126B5A39C004F7C89 /* FollowsUseCase.swift in Sources */ = {isa = PBXBuildFile; fileRef = ECB8C9A026B5A39C004F7C89 /* FollowsUseCase.swift */; };
		ECB8C9A426B5A94F004F7C89 /* coinRemoteRepository.swift in Sources */ = {isa = PBXBuildFile; fileRef = ECB8C9A326B5A94F004F7C89 /* coinRemoteRepository.swift */; };
		ECB8C9A626B5A967004F7C89 /* coinLocalRepository.swift in Sources */ = {isa = PBXBuildFile; fileRef = ECB8C9A526B5A967004F7C89 /* coinLocalRepository.swift */; };
		ECB8C9A826B5A997004F7C89 /* APIServies+getSearchResults.swift in Sources */ = {isa = PBXBuildFile; fileRef = ECB8C9A726B5A997004F7C89 /* APIServies+getSearchResults.swift */; };
		ECB8C9AB26B5A9BB004F7C89 /* BaseNavigationController.swift in Sources */ = {isa = PBXBuildFile; fileRef = ECB8C9AA26B5A9BB004F7C89 /* BaseNavigationController.swift */; };
		ECB8C9AD26B5A9C9004F7C89 /* ViewModel.swift in Sources */ = {isa = PBXBuildFile; fileRef = ECB8C9AC26B5A9C9004F7C89 /* ViewModel.swift */; };
		ECB8C9AF26B5A9DD004F7C89 /* Bindable.swift in Sources */ = {isa = PBXBuildFile; fileRef = ECB8C9AE26B5A9DD004F7C89 /* Bindable.swift */; };
/* End PBXBuildFile section */

/* Begin PBXFileReference section */
		1586466BA2F9405FF920811E /* Pods-CryptocurrencyTracking.release.xcconfig */ = {isa = PBXFileReference; includeInIndex = 1; lastKnownFileType = text.xcconfig; name = "Pods-CryptocurrencyTracking.release.xcconfig"; path = "Target Support Files/Pods-CryptocurrencyTracking/Pods-CryptocurrencyTracking.release.xcconfig"; sourceTree = "<group>"; };
		807DFF06BF53030B30B74DF8 /* libPods-CryptocurrencyTracking.a */ = {isa = PBXFileReference; explicitFileType = archive.ar; includeInIndex = 0; path = "libPods-CryptocurrencyTracking.a"; sourceTree = BUILT_PRODUCTS_DIR; };
		EC4E7AD526B5B2020070DEC4 /* DetailsUseCase.swift */ = {isa = PBXFileReference; lastKnownFileType = sourcecode.swift; path = DetailsUseCase.swift; sourceTree = "<group>"; };
		EC4E7AD726B5B2100070DEC4 /* DetailsViewModel.swift */ = {isa = PBXFileReference; lastKnownFileType = sourcecode.swift; path = DetailsViewModel.swift; sourceTree = "<group>"; };
		EC4E7AD926B5B21A0070DEC4 /* DetailsNavigator.swift */ = {isa = PBXFileReference; lastKnownFileType = sourcecode.swift; path = DetailsNavigator.swift; sourceTree = "<group>"; };
		ECB8C91026B55174004F7C89 /* CryptocurrencyTracking.app */ = {isa = PBXFileReference; explicitFileType = wrapper.application; includeInIndex = 0; path = CryptocurrencyTracking.app; sourceTree = BUILT_PRODUCTS_DIR; };
		ECB8C91326B55174004F7C89 /* AppDelegate.swift */ = {isa = PBXFileReference; lastKnownFileType = sourcecode.swift; path = AppDelegate.swift; sourceTree = "<group>"; };
		ECB8C91526B55174004F7C89 /* SceneDelegate.swift */ = {isa = PBXFileReference; lastKnownFileType = sourcecode.swift; path = SceneDelegate.swift; sourceTree = "<group>"; };
		ECB8C91D26B55174004F7C89 /* CryptocurrencyTracking.xcdatamodel */ = {isa = PBXFileReference; lastKnownFileType = wrapper.xcdatamodel; path = CryptocurrencyTracking.xcdatamodel; sourceTree = "<group>"; };
		ECB8C91F26B55176004F7C89 /* Assets.xcassets */ = {isa = PBXFileReference; lastKnownFileType = folder.assetcatalog; path = Assets.xcassets; sourceTree = "<group>"; };
		ECB8C92226B55176004F7C89 /* Base */ = {isa = PBXFileReference; lastKnownFileType = file.storyboard; name = Base; path = Base.lproj/LaunchScreen.storyboard; sourceTree = "<group>"; };
		ECB8C92426B55176004F7C89 /* Info.plist */ = {isa = PBXFileReference; lastKnownFileType = text.plist.xml; path = Info.plist; sourceTree = "<group>"; };
		ECB8C93326B55770004F7C89 /* TabBarViewController.swift */ = {isa = PBXFileReference; lastKnownFileType = sourcecode.swift; path = TabBarViewController.swift; sourceTree = "<group>"; };
		ECB8C93726B57772004F7C89 /* TabBarItems.swift */ = {isa = PBXFileReference; lastKnownFileType = sourcecode.swift; path = TabBarItems.swift; sourceTree = "<group>"; };
		ECB8C93C26B577C5004F7C89 /* HomeViewController.swift */ = {isa = PBXFileReference; lastKnownFileType = sourcecode.swift; path = HomeViewController.swift; sourceTree = "<group>"; };
		ECB8C93D26B577C5004F7C89 /* HomeViewController.xib */ = {isa = PBXFileReference; lastKnownFileType = file.xib; path = HomeViewController.xib; sourceTree = "<group>"; };
		ECB8C94826B578EB004F7C89 /* swiftgen.yml */ = {isa = PBXFileReference; lastKnownFileType = text.yaml; path = swiftgen.yml; sourceTree = "<group>"; };
		ECB8C95326B57A83004F7C89 /* en */ = {isa = PBXFileReference; lastKnownFileType = text.plist.strings; name = en; path = en.lproj/Localizable.strings; sourceTree = "<group>"; };
		ECB8C95526B57AB1004F7C89 /* vi */ = {isa = PBXFileReference; lastKnownFileType = text.plist.strings; name = vi; path = vi.lproj/LaunchScreen.strings; sourceTree = "<group>"; };
		ECB8C95626B57AB1004F7C89 /* vi */ = {isa = PBXFileReference; lastKnownFileType = text.plist.strings; name = vi; path = vi.lproj/Localizable.strings; sourceTree = "<group>"; };
		ECB8C95726B57C3E004F7C89 /* Assets.swift */ = {isa = PBXFileReference; fileEncoding = 4; lastKnownFileType = sourcecode.swift; path = Assets.swift; sourceTree = "<group>"; };
		ECB8C95826B57C3E004F7C89 /* Fonts.swift */ = {isa = PBXFileReference; fileEncoding = 4; lastKnownFileType = sourcecode.swift; path = Fonts.swift; sourceTree = "<group>"; };
		ECB8C95926B57C3E004F7C89 /* Localizable.swift */ = {isa = PBXFileReference; fileEncoding = 4; lastKnownFileType = sourcecode.swift; path = Localizable.swift; sourceTree = "<group>"; };
		ECB8C95D26B57D0B004F7C89 /* FollowsViewController.swift */ = {isa = PBXFileReference; lastKnownFileType = sourcecode.swift; path = FollowsViewController.swift; sourceTree = "<group>"; };
		ECB8C95E26B57D0B004F7C89 /* FollowsViewController.xib */ = {isa = PBXFileReference; lastKnownFileType = file.xib; path = FollowsViewController.xib; sourceTree = "<group>"; };
		ECB8C96626B583B4004F7C89 /* CoinsResponses.swift */ = {isa = PBXFileReference; lastKnownFileType = sourcecode.swift; path = CoinsResponses.swift; sourceTree = "<group>"; };
		ECB8C96826B583C1004F7C89 /* CoinModel.swift */ = {isa = PBXFileReference; lastKnownFileType = sourcecode.swift; path = CoinModel.swift; sourceTree = "<group>"; };
		ECB8C96A26B583E1004F7C89 /* CoinDetails.swift */ = {isa = PBXFileReference; lastKnownFileType = sourcecode.swift; path = CoinDetails.swift; sourceTree = "<group>"; };
		ECB8C96C26B583FD004F7C89 /* CoinDetailsViewController.swift */ = {isa = PBXFileReference; lastKnownFileType = sourcecode.swift; path = CoinDetailsViewController.swift; sourceTree = "<group>"; };
		ECB8C96D26B583FD004F7C89 /* CoinDetailsViewController.xib */ = {isa = PBXFileReference; lastKnownFileType = file.xib; path = CoinDetailsViewController.xib; sourceTree = "<group>"; };
		ECB8C97626B5857E004F7C89 /* DataModel.swift */ = {isa = PBXFileReference; lastKnownFileType = sourcecode.swift; path = DataModel.swift; sourceTree = "<group>"; };
		ECB8C97C26B589B5004F7C89 /* APIServies.swift */ = {isa = PBXFileReference; lastKnownFileType = sourcecode.swift; path = APIServies.swift; sourceTree = "<group>"; };
		ECB8C98826B58D1D004F7C89 /* BaseErrors.swift */ = {isa = PBXFileReference; lastKnownFileType = sourcecode.swift; path = BaseErrors.swift; sourceTree = "<group>"; };
		ECB8C98C26B58E37004F7C89 /* CoinsURLs.swift */ = {isa = PBXFileReference; lastKnownFileType = sourcecode.swift; path = CoinsURLs.swift; sourceTree = "<group>"; };
		ECB8C98E26B58F4A004F7C89 /* APIServies+getAllCoin.swift */ = {isa = PBXFileReference; lastKnownFileType = sourcecode.swift; path = "APIServies+getAllCoin.swift"; sourceTree = "<group>"; };
		ECB8C99026B58F5A004F7C89 /* APIServies+getCoinDetails.swift */ = {isa = PBXFileReference; lastKnownFileType = sourcecode.swift; path = "APIServies+getCoinDetails.swift"; sourceTree = "<group>"; };
		ECB8C99226B58F9F004F7C89 /* ObservableType+.swift */ = {isa = PBXFileReference; lastKnownFileType = sourcecode.swift; path = "ObservableType+.swift"; sourceTree = "<group>"; };
		ECB8C99426B59014004F7C89 /* SharedSequenceConvertibleType.swift */ = {isa = PBXFileReference; lastKnownFileType = sourcecode.swift; path = SharedSequenceConvertibleType.swift; sourceTree = "<group>"; };
		ECB8C99626B5A349004F7C89 /* HomeNavigatior.swift */ = {isa = PBXFileReference; lastKnownFileType = sourcecode.swift; path = HomeNavigatior.swift; sourceTree = "<group>"; };
		ECB8C99826B5A353004F7C89 /* HomeViewModel.swift */ = {isa = PBXFileReference; lastKnownFileType = sourcecode.swift; path = HomeViewModel.swift; sourceTree = "<group>"; };
		ECB8C99A26B5A361004F7C89 /* HomeUseCase.swift */ = {isa = PBXFileReference; lastKnownFileType = sourcecode.swift; path = HomeUseCase.swift; sourceTree = "<group>"; };
		ECB8C99C26B5A382004F7C89 /* FollowsNavigator.swift */ = {isa = PBXFileReference; lastKnownFileType = sourcecode.swift; path = FollowsNavigator.swift; sourceTree = "<group>"; };
		ECB8C99E26B5A391004F7C89 /* FollowsViewModel.swift */ = {isa = PBXFileReference; lastKnownFileType = sourcecode.swift; path = FollowsViewModel.swift; sourceTree = "<group>"; };
		ECB8C9A026B5A39C004F7C89 /* FollowsUseCase.swift */ = {isa = PBXFileReference; lastKnownFileType = sourcecode.swift; path = FollowsUseCase.swift; sourceTree = "<group>"; };
		ECB8C9A326B5A94F004F7C89 /* coinRemoteRepository.swift */ = {isa = PBXFileReference; lastKnownFileType = sourcecode.swift; path = coinRemoteRepository.swift; sourceTree = "<group>"; };
		ECB8C9A526B5A967004F7C89 /* coinLocalRepository.swift */ = {isa = PBXFileReference; lastKnownFileType = sourcecode.swift; path = coinLocalRepository.swift; sourceTree = "<group>"; };
		ECB8C9A726B5A997004F7C89 /* APIServies+getSearchResults.swift */ = {isa = PBXFileReference; lastKnownFileType = sourcecode.swift; path = "APIServies+getSearchResults.swift"; sourceTree = "<group>"; };
		ECB8C9AA26B5A9BB004F7C89 /* BaseNavigationController.swift */ = {isa = PBXFileReference; lastKnownFileType = sourcecode.swift; path = BaseNavigationController.swift; sourceTree = "<group>"; };
		ECB8C9AC26B5A9C9004F7C89 /* ViewModel.swift */ = {isa = PBXFileReference; lastKnownFileType = sourcecode.swift; path = ViewModel.swift; sourceTree = "<group>"; };
		ECB8C9AE26B5A9DD004F7C89 /* Bindable.swift */ = {isa = PBXFileReference; lastKnownFileType = sourcecode.swift; path = Bindable.swift; sourceTree = "<group>"; };
		ED612849068A1012CFA228B0 /* Pods-CryptocurrencyTracking.debug.xcconfig */ = {isa = PBXFileReference; includeInIndex = 1; lastKnownFileType = text.xcconfig; name = "Pods-CryptocurrencyTracking.debug.xcconfig"; path = "Target Support Files/Pods-CryptocurrencyTracking/Pods-CryptocurrencyTracking.debug.xcconfig"; sourceTree = "<group>"; };
/* End PBXFileReference section */

/* Begin PBXFrameworksBuildPhase section */
		ECB8C90D26B55174004F7C89 /* Frameworks */ = {
			isa = PBXFrameworksBuildPhase;
			buildActionMask = 2147483647;
			files = (
				ECB8C98226B58CEC004F7C89 /* RxRelay in Frameworks */,
				ECB8C97226B5846D004F7C89 /* ObjectMapper in Frameworks */,
				ECB8C97A26B5899B004F7C89 /* Alamofire in Frameworks */,
				ECB8C98426B58CEC004F7C89 /* RxCocoa in Frameworks */,
				ECB8C98026B58CEC004F7C89 /* RxSwift in Frameworks */,
				ECB8C98626B58CEC004F7C89 /* RxBlocking in Frameworks */,
				ECB8C97526B584B1004F7C89 /* Then in Frameworks */,
				5E354DCA4F3818F3DA7796E6 /* libPods-CryptocurrencyTracking.a in Frameworks */,
			);
			runOnlyForDeploymentPostprocessing = 0;
		};
/* End PBXFrameworksBuildPhase section */

/* Begin PBXGroup section */
		8B88E7A5610F33DF052B070A /* Pods */ = {
			isa = PBXGroup;
			children = (
				ED612849068A1012CFA228B0 /* Pods-CryptocurrencyTracking.debug.xcconfig */,
				1586466BA2F9405FF920811E /* Pods-CryptocurrencyTracking.release.xcconfig */,
			);
			path = Pods;
			sourceTree = "<group>";
		};
		B8E9E85D159D1EDE794B58A9 /* Frameworks */ = {
			isa = PBXGroup;
			children = (
				807DFF06BF53030B30B74DF8 /* libPods-CryptocurrencyTracking.a */,
			);
			name = Frameworks;
			sourceTree = "<group>";
		};
		ECB8C90726B55174004F7C89 = {
			isa = PBXGroup;
			children = (
				ECB8C94826B578EB004F7C89 /* swiftgen.yml */,
				ECB8C91226B55174004F7C89 /* CryptocurrencyTracking */,
				ECB8C91126B55174004F7C89 /* Products */,
				8B88E7A5610F33DF052B070A /* Pods */,
				B8E9E85D159D1EDE794B58A9 /* Frameworks */,
			);
			sourceTree = "<group>";
		};
		ECB8C91126B55174004F7C89 /* Products */ = {
			isa = PBXGroup;
			children = (
				ECB8C91026B55174004F7C89 /* CryptocurrencyTracking.app */,
			);
			name = Products;
			sourceTree = "<group>";
		};
		ECB8C91226B55174004F7C89 /* CryptocurrencyTracking */ = {
			isa = PBXGroup;
			children = (
				ECB8C92A26B5545F004F7C89 /* AppDelegate */,
				ECB8C92F26B554F2004F7C89 /* Extensions */,
				ECB8C92B26B55475004F7C89 /* Resources */,
				ECB8C96426B5835D004F7C89 /* Platform */,
				ECB8C96326B58332004F7C89 /* Domain */,
				ECB8C92E26B554CB004F7C89 /* Scenes */,
				ECB8C93026B55501004F7C89 /* SwiftGen */,
				ECB8C92426B55176004F7C89 /* Info.plist */,
			);
			path = CryptocurrencyTracking;
			sourceTree = "<group>";
		};
		ECB8C92A26B5545F004F7C89 /* AppDelegate */ = {
			isa = PBXGroup;
			children = (
				ECB8C91326B55174004F7C89 /* AppDelegate.swift */,
				ECB8C91526B55174004F7C89 /* SceneDelegate.swift */,
			);
			path = AppDelegate;
			sourceTree = "<group>";
		};
		ECB8C92B26B55475004F7C89 /* Resources */ = {
			isa = PBXGroup;
			children = (
				ECB8C94A26B5791C004F7C89 /* Fonts */,
				ECB8C91F26B55176004F7C89 /* Assets.xcassets */,
				ECB8C92126B55176004F7C89 /* LaunchScreen.storyboard */,
				ECB8C95426B57A83004F7C89 /* Localizable.strings */,
			);
			path = Resources;
			sourceTree = "<group>";
		};
		ECB8C92E26B554CB004F7C89 /* Scenes */ = {
			isa = PBXGroup;
			children = (
				ECB8C9A926B5A9A0004F7C89 /* Base */,
				ECB8C93226B5574F004F7C89 /* TabBar */,
				ECB8C93926B57778004F7C89 /* Home Screen */,
				ECB8C93A26B57784004F7C89 /* Follow Screen */,
				ECB8C93B26B57794004F7C89 /* Details Screen */,
			);
			path = Scenes;
			sourceTree = "<group>";
		};
		ECB8C92F26B554F2004F7C89 /* Extensions */ = {
			isa = PBXGroup;
			children = (
				ECB8C99226B58F9F004F7C89 /* ObservableType+.swift */,
				ECB8C99426B59014004F7C89 /* SharedSequenceConvertibleType.swift */,
			);
			path = Extensions;
			sourceTree = "<group>";
		};
		ECB8C93026B55501004F7C89 /* SwiftGen */ = {
			isa = PBXGroup;
			children = (
				ECB8C95726B57C3E004F7C89 /* Assets.swift */,
				ECB8C95826B57C3E004F7C89 /* Fonts.swift */,
				ECB8C95926B57C3E004F7C89 /* Localizable.swift */,
			);
			path = SwiftGen;
			sourceTree = "<group>";
		};
		ECB8C93226B5574F004F7C89 /* TabBar */ = {
			isa = PBXGroup;
			children = (
				ECB8C93326B55770004F7C89 /* TabBarViewController.swift */,
				ECB8C93726B57772004F7C89 /* TabBarItems.swift */,
			);
			path = TabBar;
			sourceTree = "<group>";
		};
		ECB8C93926B57778004F7C89 /* Home Screen */ = {
			isa = PBXGroup;
			children = (
				ECB8C93C26B577C5004F7C89 /* HomeViewController.swift */,
				ECB8C93D26B577C5004F7C89 /* HomeViewController.xib */,
				ECB8C99626B5A349004F7C89 /* HomeNavigatior.swift */,
				ECB8C99826B5A353004F7C89 /* HomeViewModel.swift */,
				ECB8C99A26B5A361004F7C89 /* HomeUseCase.swift */,
			);
			path = "Home Screen";
			sourceTree = "<group>";
		};
		ECB8C93A26B57784004F7C89 /* Follow Screen */ = {
			isa = PBXGroup;
			children = (
				ECB8C95D26B57D0B004F7C89 /* FollowsViewController.swift */,
				ECB8C95E26B57D0B004F7C89 /* FollowsViewController.xib */,
				ECB8C99E26B5A391004F7C89 /* FollowsViewModel.swift */,
				ECB8C99C26B5A382004F7C89 /* FollowsNavigator.swift */,
				ECB8C9A026B5A39C004F7C89 /* FollowsUseCase.swift */,
			);
			path = "Follow Screen";
			sourceTree = "<group>";
		};
		ECB8C93B26B57794004F7C89 /* Details Screen */ = {
			isa = PBXGroup;
			children = (
				ECB8C96C26B583FD004F7C89 /* CoinDetailsViewController.swift */,
				ECB8C96D26B583FD004F7C89 /* CoinDetailsViewController.xib */,
				EC4E7AD726B5B2100070DEC4 /* DetailsViewModel.swift */,
				EC4E7AD926B5B21A0070DEC4 /* DetailsNavigator.swift */,
				EC4E7AD526B5B2020070DEC4 /* DetailsUseCase.swift */,
			);
			path = "Details Screen";
			sourceTree = "<group>";
		};
		ECB8C94A26B5791C004F7C89 /* Fonts */ = {
			isa = PBXGroup;
			children = (
			);
			path = Fonts;
			sourceTree = "<group>";
		};
		ECB8C96326B58332004F7C89 /* Domain */ = {
			isa = PBXGroup;
			children = (
				ECB8C9A226B5A92B004F7C89 /* Repositories */,
				ECB8C96526B58370004F7C89 /* Models */,
				ECB8C91C26B55174004F7C89 /* CryptocurrencyTracking.xcdatamodeld */,
			);
			path = Domain;
			sourceTree = "<group>";
		};
		ECB8C96426B5835D004F7C89 /* Platform */ = {
			isa = PBXGroup;
			children = (
				ECB8C97B26B5899F004F7C89 /* Services */,
			);
			path = Platform;
			sourceTree = "<group>";
		};
		ECB8C96526B58370004F7C89 /* Models */ = {
			isa = PBXGroup;
			children = (
				ECB8C96626B583B4004F7C89 /* CoinsResponses.swift */,
				ECB8C97626B5857E004F7C89 /* DataModel.swift */,
				ECB8C96826B583C1004F7C89 /* CoinModel.swift */,
				ECB8C96A26B583E1004F7C89 /* CoinDetails.swift */,
			);
			path = Models;
			sourceTree = "<group>";
		};
		ECB8C97B26B5899F004F7C89 /* Services */ = {
			isa = PBXGroup;
			children = (
				ECB8C97C26B589B5004F7C89 /* APIServies.swift */,
				ECB8C98B26B58E12004F7C89 /* URLs */,
				ECB8C98A26B58DE3004F7C89 /* Extensions APIServies */,
				ECB8C98726B58D07004F7C89 /* Errors */,
			);
			path = Services;
			sourceTree = "<group>";
		};
		ECB8C98726B58D07004F7C89 /* Errors */ = {
			isa = PBXGroup;
			children = (
				ECB8C98826B58D1D004F7C89 /* BaseErrors.swift */,
			);
			path = Errors;
			sourceTree = "<group>";
		};
		ECB8C98A26B58DE3004F7C89 /* Extensions APIServies */ = {
			isa = PBXGroup;
			children = (
				ECB8C98E26B58F4A004F7C89 /* APIServies+getAllCoin.swift */,
				ECB8C99026B58F5A004F7C89 /* APIServies+getCoinDetails.swift */,
				ECB8C9A726B5A997004F7C89 /* APIServies+getSearchResults.swift */,
			);
			path = "Extensions APIServies";
			sourceTree = "<group>";
		};
		ECB8C98B26B58E12004F7C89 /* URLs */ = {
			isa = PBXGroup;
			children = (
				ECB8C98C26B58E37004F7C89 /* CoinsURLs.swift */,
			);
			path = URLs;
			sourceTree = "<group>";
		};
		ECB8C9A226B5A92B004F7C89 /* Repositories */ = {
			isa = PBXGroup;
			children = (
				ECB8C9A326B5A94F004F7C89 /* coinRemoteRepository.swift */,
				ECB8C9A526B5A967004F7C89 /* coinLocalRepository.swift */,
			);
			path = Repositories;
			sourceTree = "<group>";
		};
		ECB8C9A926B5A9A0004F7C89 /* Base */ = {
			isa = PBXGroup;
			children = (
				ECB8C9AE26B5A9DD004F7C89 /* Bindable.swift */,
				ECB8C9AC26B5A9C9004F7C89 /* ViewModel.swift */,
				ECB8C9AA26B5A9BB004F7C89 /* BaseNavigationController.swift */,
			);
			path = Base;
			sourceTree = "<group>";
		};
/* End PBXGroup section */

/* Begin PBXNativeTarget section */
		ECB8C90F26B55174004F7C89 /* CryptocurrencyTracking */ = {
			isa = PBXNativeTarget;
			buildConfigurationList = ECB8C92726B55176004F7C89 /* Build configuration list for PBXNativeTarget "CryptocurrencyTracking" */;
			buildPhases = (
				C40715C99446138D1DE66E4A /* [CP] Check Pods Manifest.lock */,
				ECB8C96126B57EB1004F7C89 /* Run SwiftLint */,
				ECB8C90C26B55174004F7C89 /* Sources */,
				ECB8C90D26B55174004F7C89 /* Frameworks */,
				ECB8C90E26B55174004F7C89 /* Resources */,
			);
			buildRules = (
			);
			dependencies = (
			);
			name = CryptocurrencyTracking;
			packageProductDependencies = (
				ECB8C97126B5846D004F7C89 /* ObjectMapper */,
				ECB8C97426B584B1004F7C89 /* Then */,
				ECB8C97926B5899B004F7C89 /* Alamofire */,
				ECB8C97F26B58CEC004F7C89 /* RxSwift */,
				ECB8C98126B58CEC004F7C89 /* RxRelay */,
				ECB8C98326B58CEC004F7C89 /* RxCocoa */,
				ECB8C98526B58CEC004F7C89 /* RxBlocking */,
			);
			productName = CryptocurrencyTracking;
			productReference = ECB8C91026B55174004F7C89 /* CryptocurrencyTracking.app */;
			productType = "com.apple.product-type.application";
		};
/* End PBXNativeTarget section */

/* Begin PBXProject section */
		ECB8C90826B55174004F7C89 /* Project object */ = {
			isa = PBXProject;
			attributes = {
				LastSwiftUpdateCheck = 1250;
				LastUpgradeCheck = 1250;
				TargetAttributes = {
					ECB8C90F26B55174004F7C89 = {
						CreatedOnToolsVersion = 12.5.1;
					};
				};
			};
			buildConfigurationList = ECB8C90B26B55174004F7C89 /* Build configuration list for PBXProject "CryptocurrencyTracking" */;
			compatibilityVersion = "Xcode 9.3";
			developmentRegion = en;
			hasScannedForEncodings = 0;
			knownRegions = (
				en,
				Base,
				vi,
			);
			mainGroup = ECB8C90726B55174004F7C89;
			packageReferences = (
				ECB8C97026B5846D004F7C89 /* XCRemoteSwiftPackageReference "ObjectMapper" */,
				ECB8C97326B584B1004F7C89 /* XCRemoteSwiftPackageReference "Then" */,
				ECB8C97826B5899B004F7C89 /* XCRemoteSwiftPackageReference "Alamofire" */,
				ECB8C97E26B58CEC004F7C89 /* XCRemoteSwiftPackageReference "RxSwift" */,
			);
			productRefGroup = ECB8C91126B55174004F7C89 /* Products */;
			projectDirPath = "";
			projectRoot = "";
			targets = (
				ECB8C90F26B55174004F7C89 /* CryptocurrencyTracking */,
			);
		};
/* End PBXProject section */

/* Begin PBXResourcesBuildPhase section */
		ECB8C90E26B55174004F7C89 /* Resources */ = {
			isa = PBXResourcesBuildPhase;
			buildActionMask = 2147483647;
			files = (
				ECB8C96026B57D0B004F7C89 /* FollowsViewController.xib in Resources */,
				ECB8C92326B55176004F7C89 /* LaunchScreen.storyboard in Resources */,
				ECB8C92026B55176004F7C89 /* Assets.xcassets in Resources */,
				ECB8C96F26B583FD004F7C89 /* CoinDetailsViewController.xib in Resources */,
				ECB8C95226B57A83004F7C89 /* Localizable.strings in Resources */,
				ECB8C93F26B577C5004F7C89 /* HomeViewController.xib in Resources */,
				ECB8C94926B578EB004F7C89 /* swiftgen.yml in Resources */,
			);
			runOnlyForDeploymentPostprocessing = 0;
		};
/* End PBXResourcesBuildPhase section */

/* Begin PBXShellScriptBuildPhase section */
		C40715C99446138D1DE66E4A /* [CP] Check Pods Manifest.lock */ = {
			isa = PBXShellScriptBuildPhase;
			buildActionMask = 2147483647;
			files = (
			);
			inputFileListPaths = (
			);
			inputPaths = (
				"${PODS_PODFILE_DIR_PATH}/Podfile.lock",
				"${PODS_ROOT}/Manifest.lock",
			);
			name = "[CP] Check Pods Manifest.lock";
			outputFileListPaths = (
			);
			outputPaths = (
				"$(DERIVED_FILE_DIR)/Pods-CryptocurrencyTracking-checkManifestLockResult.txt",
			);
			runOnlyForDeploymentPostprocessing = 0;
			shellPath = /bin/sh;
			shellScript = "diff \"${PODS_PODFILE_DIR_PATH}/Podfile.lock\" \"${PODS_ROOT}/Manifest.lock\" > /dev/null\nif [ $? != 0 ] ; then\n    # print error to STDERR\n    echo \"error: The sandbox is not in sync with the Podfile.lock. Run 'pod install' or update your CocoaPods installation.\" >&2\n    exit 1\nfi\n# This output is used by Xcode 'outputs' to avoid re-running this script phase.\necho \"SUCCESS\" > \"${SCRIPT_OUTPUT_FILE_0}\"\n";
			showEnvVarsInLog = 0;
		};
		ECB8C96126B57EB1004F7C89 /* Run SwiftLint */ = {
			isa = PBXShellScriptBuildPhase;
			buildActionMask = 2147483647;
			files = (
			);
			inputFileListPaths = (
			);
			inputPaths = (
			);
			name = "Run SwiftLint";
			outputFileListPaths = (
			);
			outputPaths = (
			);
			runOnlyForDeploymentPostprocessing = 0;
			shellPath = /bin/sh;
			shellScript = "if which swiftlint >/dev/null; then\n  swiftlint\nelse\n  echo \"warning: SwiftLint not installed, download from https://github.com/realm/SwiftLint\"\nfi\n";
		};
/* End PBXShellScriptBuildPhase section */

/* Begin PBXSourcesBuildPhase section */
		ECB8C90C26B55174004F7C89 /* Sources */ = {
			isa = PBXSourcesBuildPhase;
			buildActionMask = 2147483647;
			files = (
				ECB8C9A626B5A967004F7C89 /* coinLocalRepository.swift in Sources */,
				ECB8C99326B58F9F004F7C89 /* ObservableType+.swift in Sources */,
				ECB8C95C26B57C3E004F7C89 /* Localizable.swift in Sources */,
				ECB8C95F26B57D0B004F7C89 /* FollowsViewController.swift in Sources */,
				ECB8C98D26B58E37004F7C89 /* CoinsURLs.swift in Sources */,
				ECB8C99726B5A349004F7C89 /* HomeNavigatior.swift in Sources */,
				ECB8C9AF26B5A9DD004F7C89 /* Bindable.swift in Sources */,
				ECB8C99F26B5A391004F7C89 /* FollowsViewModel.swift in Sources */,
				ECB8C99126B58F5A004F7C89 /* APIServies+getCoinDetails.swift in Sources */,
				ECB8C9AB26B5A9BB004F7C89 /* BaseNavigationController.swift in Sources */,
				ECB8C97D26B589B5004F7C89 /* APIServies.swift in Sources */,
				ECB8C98926B58D1D004F7C89 /* BaseErrors.swift in Sources */,
				EC4E7AD626B5B2020070DEC4 /* DetailsUseCase.swift in Sources */,
				ECB8C96E26B583FD004F7C89 /* CoinDetailsViewController.swift in Sources */,
				ECB8C93526B55770004F7C89 /* TabBarViewController.swift in Sources */,
				ECB8C91426B55174004F7C89 /* AppDelegate.swift in Sources */,
				ECB8C97726B5857E004F7C89 /* DataModel.swift in Sources */,
				ECB8C99526B59014004F7C89 /* SharedSequenceConvertibleType.swift in Sources */,
				ECB8C96726B583B4004F7C89 /* CoinsResponses.swift in Sources */,
				ECB8C99D26B5A382004F7C89 /* FollowsNavigator.swift in Sources */,
				ECB8C93826B57772004F7C89 /* TabBarItems.swift in Sources */,
				ECB8C96B26B583E1004F7C89 /* CoinDetails.swift in Sources */,
				ECB8C91E26B55174004F7C89 /* CryptocurrencyTracking.xcdatamodeld in Sources */,
				ECB8C9A826B5A997004F7C89 /* APIServies+getSearchResults.swift in Sources */,
				ECB8C91626B55174004F7C89 /* SceneDelegate.swift in Sources */,
				ECB8C95B26B57C3E004F7C89 /* Fonts.swift in Sources */,
				ECB8C99B26B5A361004F7C89 /* HomeUseCase.swift in Sources */,
				EC4E7ADA26B5B21A0070DEC4 /* DetailsNavigator.swift in Sources */,
				ECB8C9AD26B5A9C9004F7C89 /* ViewModel.swift in Sources */,
				ECB8C99926B5A353004F7C89 /* HomeViewModel.swift in Sources */,
				ECB8C96926B583C1004F7C89 /* CoinModel.swift in Sources */,
				ECB8C93E26B577C5004F7C89 /* HomeViewController.swift in Sources */,
				ECB8C9A426B5A94F004F7C89 /* coinRemoteRepository.swift in Sources */,
				ECB8C98F26B58F4A004F7C89 /* APIServies+getAllCoin.swift in Sources */,
				ECB8C9A126B5A39C004F7C89 /* FollowsUseCase.swift in Sources */,
				ECB8C95A26B57C3E004F7C89 /* Assets.swift in Sources */,
				EC4E7AD826B5B2100070DEC4 /* DetailsViewModel.swift in Sources */,
			);
			runOnlyForDeploymentPostprocessing = 0;
		};
/* End PBXSourcesBuildPhase section */

/* Begin PBXVariantGroup section */
		ECB8C92126B55176004F7C89 /* LaunchScreen.storyboard */ = {
			isa = PBXVariantGroup;
			children = (
				ECB8C92226B55176004F7C89 /* Base */,
				ECB8C95526B57AB1004F7C89 /* vi */,
			);
			name = LaunchScreen.storyboard;
			sourceTree = "<group>";
		};
		ECB8C95426B57A83004F7C89 /* Localizable.strings */ = {
			isa = PBXVariantGroup;
			children = (
				ECB8C95326B57A83004F7C89 /* en */,
				ECB8C95626B57AB1004F7C89 /* vi */,
			);
			name = Localizable.strings;
			sourceTree = "<group>";
		};
/* End PBXVariantGroup section */

/* Begin XCBuildConfiguration section */
		ECB8C92526B55176004F7C89 /* Debug */ = {
			isa = XCBuildConfiguration;
			buildSettings = {
				ALWAYS_SEARCH_USER_PATHS = NO;
				CLANG_ANALYZER_LOCALIZABILITY_NONLOCALIZED = YES;
				CLANG_ANALYZER_NONNULL = YES;
				CLANG_ANALYZER_NUMBER_OBJECT_CONVERSION = YES_AGGRESSIVE;
				CLANG_CXX_LANGUAGE_STANDARD = "gnu++14";
				CLANG_CXX_LIBRARY = "libc++";
				CLANG_ENABLE_MODULES = YES;
				CLANG_ENABLE_OBJC_ARC = YES;
				CLANG_ENABLE_OBJC_WEAK = YES;
				CLANG_WARN_BLOCK_CAPTURE_AUTORELEASING = YES;
				CLANG_WARN_BOOL_CONVERSION = YES;
				CLANG_WARN_COMMA = YES;
				CLANG_WARN_CONSTANT_CONVERSION = YES;
				CLANG_WARN_DEPRECATED_OBJC_IMPLEMENTATIONS = YES;
				CLANG_WARN_DIRECT_OBJC_ISA_USAGE = YES_ERROR;
				CLANG_WARN_DOCUMENTATION_COMMENTS = YES;
				CLANG_WARN_EMPTY_BODY = YES;
				CLANG_WARN_ENUM_CONVERSION = YES;
				CLANG_WARN_INFINITE_RECURSION = YES;
				CLANG_WARN_INT_CONVERSION = YES;
				CLANG_WARN_NON_LITERAL_NULL_CONVERSION = YES;
				CLANG_WARN_OBJC_IMPLICIT_RETAIN_SELF = YES;
				CLANG_WARN_OBJC_LITERAL_CONVERSION = YES;
				CLANG_WARN_OBJC_ROOT_CLASS = YES_ERROR;
				CLANG_WARN_QUOTED_INCLUDE_IN_FRAMEWORK_HEADER = YES;
				CLANG_WARN_RANGE_LOOP_ANALYSIS = YES;
				CLANG_WARN_STRICT_PROTOTYPES = YES;
				CLANG_WARN_SUSPICIOUS_MOVE = YES;
				CLANG_WARN_UNGUARDED_AVAILABILITY = YES_AGGRESSIVE;
				CLANG_WARN_UNREACHABLE_CODE = YES;
				CLANG_WARN__DUPLICATE_METHOD_MATCH = YES;
				COPY_PHASE_STRIP = NO;
				DEBUG_INFORMATION_FORMAT = dwarf;
				ENABLE_STRICT_OBJC_MSGSEND = YES;
				ENABLE_TESTABILITY = YES;
				GCC_C_LANGUAGE_STANDARD = gnu11;
				GCC_DYNAMIC_NO_PIC = NO;
				GCC_NO_COMMON_BLOCKS = YES;
				GCC_OPTIMIZATION_LEVEL = 0;
				GCC_PREPROCESSOR_DEFINITIONS = (
					"DEBUG=1",
					"$(inherited)",
				);
				GCC_WARN_64_TO_32_BIT_CONVERSION = YES;
				GCC_WARN_ABOUT_RETURN_TYPE = YES_ERROR;
				GCC_WARN_UNDECLARED_SELECTOR = YES;
				GCC_WARN_UNINITIALIZED_AUTOS = YES_AGGRESSIVE;
				GCC_WARN_UNUSED_FUNCTION = YES;
				GCC_WARN_UNUSED_VARIABLE = YES;
				IPHONEOS_DEPLOYMENT_TARGET = 14.5;
				MTL_ENABLE_DEBUG_INFO = INCLUDE_SOURCE;
				MTL_FAST_MATH = YES;
				ONLY_ACTIVE_ARCH = YES;
				SDKROOT = iphoneos;
				SWIFT_ACTIVE_COMPILATION_CONDITIONS = DEBUG;
				SWIFT_OPTIMIZATION_LEVEL = "-Onone";
			};
			name = Debug;
		};
		ECB8C92626B55176004F7C89 /* Release */ = {
			isa = XCBuildConfiguration;
			buildSettings = {
				ALWAYS_SEARCH_USER_PATHS = NO;
				CLANG_ANALYZER_LOCALIZABILITY_NONLOCALIZED = YES;
				CLANG_ANALYZER_NONNULL = YES;
				CLANG_ANALYZER_NUMBER_OBJECT_CONVERSION = YES_AGGRESSIVE;
				CLANG_CXX_LANGUAGE_STANDARD = "gnu++14";
				CLANG_CXX_LIBRARY = "libc++";
				CLANG_ENABLE_MODULES = YES;
				CLANG_ENABLE_OBJC_ARC = YES;
				CLANG_ENABLE_OBJC_WEAK = YES;
				CLANG_WARN_BLOCK_CAPTURE_AUTORELEASING = YES;
				CLANG_WARN_BOOL_CONVERSION = YES;
				CLANG_WARN_COMMA = YES;
				CLANG_WARN_CONSTANT_CONVERSION = YES;
				CLANG_WARN_DEPRECATED_OBJC_IMPLEMENTATIONS = YES;
				CLANG_WARN_DIRECT_OBJC_ISA_USAGE = YES_ERROR;
				CLANG_WARN_DOCUMENTATION_COMMENTS = YES;
				CLANG_WARN_EMPTY_BODY = YES;
				CLANG_WARN_ENUM_CONVERSION = YES;
				CLANG_WARN_INFINITE_RECURSION = YES;
				CLANG_WARN_INT_CONVERSION = YES;
				CLANG_WARN_NON_LITERAL_NULL_CONVERSION = YES;
				CLANG_WARN_OBJC_IMPLICIT_RETAIN_SELF = YES;
				CLANG_WARN_OBJC_LITERAL_CONVERSION = YES;
				CLANG_WARN_OBJC_ROOT_CLASS = YES_ERROR;
				CLANG_WARN_QUOTED_INCLUDE_IN_FRAMEWORK_HEADER = YES;
				CLANG_WARN_RANGE_LOOP_ANALYSIS = YES;
				CLANG_WARN_STRICT_PROTOTYPES = YES;
				CLANG_WARN_SUSPICIOUS_MOVE = YES;
				CLANG_WARN_UNGUARDED_AVAILABILITY = YES_AGGRESSIVE;
				CLANG_WARN_UNREACHABLE_CODE = YES;
				CLANG_WARN__DUPLICATE_METHOD_MATCH = YES;
				COPY_PHASE_STRIP = NO;
				DEBUG_INFORMATION_FORMAT = "dwarf-with-dsym";
				ENABLE_NS_ASSERTIONS = NO;
				ENABLE_STRICT_OBJC_MSGSEND = YES;
				GCC_C_LANGUAGE_STANDARD = gnu11;
				GCC_NO_COMMON_BLOCKS = YES;
				GCC_WARN_64_TO_32_BIT_CONVERSION = YES;
				GCC_WARN_ABOUT_RETURN_TYPE = YES_ERROR;
				GCC_WARN_UNDECLARED_SELECTOR = YES;
				GCC_WARN_UNINITIALIZED_AUTOS = YES_AGGRESSIVE;
				GCC_WARN_UNUSED_FUNCTION = YES;
				GCC_WARN_UNUSED_VARIABLE = YES;
				IPHONEOS_DEPLOYMENT_TARGET = 14.5;
				MTL_ENABLE_DEBUG_INFO = NO;
				MTL_FAST_MATH = YES;
				SDKROOT = iphoneos;
				SWIFT_COMPILATION_MODE = wholemodule;
				SWIFT_OPTIMIZATION_LEVEL = "-O";
				VALIDATE_PRODUCT = YES;
			};
			name = Release;
		};
		ECB8C92826B55176004F7C89 /* Debug */ = {
			isa = XCBuildConfiguration;
			baseConfigurationReference = ED612849068A1012CFA228B0 /* Pods-CryptocurrencyTracking.debug.xcconfig */;
			buildSettings = {
				ASSETCATALOG_COMPILER_APPICON_NAME = AppIcon;
				ASSETCATALOG_COMPILER_GLOBAL_ACCENT_COLOR_NAME = AccentColor;
				CODE_SIGN_STYLE = Automatic;
				DEVELOPMENT_TEAM = 7X6CSKVAS2;
				INFOPLIST_FILE = CryptocurrencyTracking/Info.plist;
				LD_RUNPATH_SEARCH_PATHS = (
					"$(inherited)",
					"@executable_path/Frameworks",
				);
				PRODUCT_BUNDLE_IDENTIFIER = con.tk1.CryptocurrencyTracking;
				PRODUCT_NAME = "$(TARGET_NAME)";
				SWIFT_VERSION = 5.0;
				TARGETED_DEVICE_FAMILY = "1,2";
			};
			name = Debug;
		};
		ECB8C92926B55176004F7C89 /* Release */ = {
			isa = XCBuildConfiguration;
			baseConfigurationReference = 1586466BA2F9405FF920811E /* Pods-CryptocurrencyTracking.release.xcconfig */;
			buildSettings = {
				ASSETCATALOG_COMPILER_APPICON_NAME = AppIcon;
				ASSETCATALOG_COMPILER_GLOBAL_ACCENT_COLOR_NAME = AccentColor;
				CODE_SIGN_STYLE = Automatic;
				DEVELOPMENT_TEAM = 7X6CSKVAS2;
				INFOPLIST_FILE = CryptocurrencyTracking/Info.plist;
				LD_RUNPATH_SEARCH_PATHS = (
					"$(inherited)",
					"@executable_path/Frameworks",
				);
				PRODUCT_BUNDLE_IDENTIFIER = con.tk1.CryptocurrencyTracking;
				PRODUCT_NAME = "$(TARGET_NAME)";
				SWIFT_VERSION = 5.0;
				TARGETED_DEVICE_FAMILY = "1,2";
			};
			name = Release;
		};
/* End XCBuildConfiguration section */

/* Begin XCConfigurationList section */
		ECB8C90B26B55174004F7C89 /* Build configuration list for PBXProject "CryptocurrencyTracking" */ = {
			isa = XCConfigurationList;
			buildConfigurations = (
				ECB8C92526B55176004F7C89 /* Debug */,
				ECB8C92626B55176004F7C89 /* Release */,
			);
			defaultConfigurationIsVisible = 0;
			defaultConfigurationName = Release;
		};
		ECB8C92726B55176004F7C89 /* Build configuration list for PBXNativeTarget "CryptocurrencyTracking" */ = {
			isa = XCConfigurationList;
			buildConfigurations = (
				ECB8C92826B55176004F7C89 /* Debug */,
				ECB8C92926B55176004F7C89 /* Release */,
			);
			defaultConfigurationIsVisible = 0;
			defaultConfigurationName = Release;
		};
/* End XCConfigurationList section */

/* Begin XCRemoteSwiftPackageReference section */
		ECB8C97026B5846D004F7C89 /* XCRemoteSwiftPackageReference "ObjectMapper" */ = {
			isa = XCRemoteSwiftPackageReference;
			repositoryURL = "https://github.com/tristanhimmelman/ObjectMapper";
			requirement = {
				kind = upToNextMajorVersion;
				minimumVersion = 4.2.0;
			};
		};
		ECB8C97326B584B1004F7C89 /* XCRemoteSwiftPackageReference "Then" */ = {
			isa = XCRemoteSwiftPackageReference;
			repositoryURL = "https://github.com/devxoul/Then";
			requirement = {
				kind = upToNextMajorVersion;
				minimumVersion = 2.7.0;
			};
		};
		ECB8C97826B5899B004F7C89 /* XCRemoteSwiftPackageReference "Alamofire" */ = {
			isa = XCRemoteSwiftPackageReference;
			repositoryURL = "https://github.com/Alamofire/Alamofire";
			requirement = {
				kind = upToNextMajorVersion;
				minimumVersion = 5.4.3;
			};
		};
		ECB8C97E26B58CEC004F7C89 /* XCRemoteSwiftPackageReference "RxSwift" */ = {
			isa = XCRemoteSwiftPackageReference;
			repositoryURL = "https://github.com/ReactiveX/RxSwift";
			requirement = {
				kind = upToNextMajorVersion;
				minimumVersion = 6.2.0;
			};
		};
/* End XCRemoteSwiftPackageReference section */

/* Begin XCSwiftPackageProductDependency section */
		ECB8C97126B5846D004F7C89 /* ObjectMapper */ = {
			isa = XCSwiftPackageProductDependency;
			package = ECB8C97026B5846D004F7C89 /* XCRemoteSwiftPackageReference "ObjectMapper" */;
			productName = ObjectMapper;
		};
		ECB8C97426B584B1004F7C89 /* Then */ = {
			isa = XCSwiftPackageProductDependency;
			package = ECB8C97326B584B1004F7C89 /* XCRemoteSwiftPackageReference "Then" */;
			productName = Then;
		};
		ECB8C97926B5899B004F7C89 /* Alamofire */ = {
			isa = XCSwiftPackageProductDependency;
			package = ECB8C97826B5899B004F7C89 /* XCRemoteSwiftPackageReference "Alamofire" */;
			productName = Alamofire;
		};
		ECB8C97F26B58CEC004F7C89 /* RxSwift */ = {
			isa = XCSwiftPackageProductDependency;
			package = ECB8C97E26B58CEC004F7C89 /* XCRemoteSwiftPackageReference "RxSwift" */;
			productName = RxSwift;
		};
		ECB8C98126B58CEC004F7C89 /* RxRelay */ = {
			isa = XCSwiftPackageProductDependency;
			package = ECB8C97E26B58CEC004F7C89 /* XCRemoteSwiftPackageReference "RxSwift" */;
			productName = RxRelay;
		};
		ECB8C98326B58CEC004F7C89 /* RxCocoa */ = {
			isa = XCSwiftPackageProductDependency;
			package = ECB8C97E26B58CEC004F7C89 /* XCRemoteSwiftPackageReference "RxSwift" */;
			productName = RxCocoa;
		};
		ECB8C98526B58CEC004F7C89 /* RxBlocking */ = {
			isa = XCSwiftPackageProductDependency;
			package = ECB8C97E26B58CEC004F7C89 /* XCRemoteSwiftPackageReference "RxSwift" */;
			productName = RxBlocking;
		};
/* End XCSwiftPackageProductDependency section */

/* Begin XCVersionGroup section */
		ECB8C91C26B55174004F7C89 /* CryptocurrencyTracking.xcdatamodeld */ = {
			isa = XCVersionGroup;
			children = (
				ECB8C91D26B55174004F7C89 /* CryptocurrencyTracking.xcdatamodel */,
			);
			currentVersion = ECB8C91D26B55174004F7C89 /* CryptocurrencyTracking.xcdatamodel */;
			path = CryptocurrencyTracking.xcdatamodeld;
			sourceTree = "<group>";
			versionGroupType = wrapper.xcdatamodel;
		};
/* End XCVersionGroup section */
	};
	rootObject = ECB8C90826B55174004F7C89 /* Project object */;
}
